
Microsoft Visual Studio Solution File, Format Version 12.00
# Visual Studio Version 17
VisualStudioVersion = 17.9.34723.18
MinimumVisualStudioVersion = 10.0.40219.1
Project("{8BC9CEB8-8B4A-11D0-8D11-00A0C91BC942}") = "两个有序链表序列的合并", "两个有序链表序列的合并\两个有序链表序列的合并.vcxproj", "{45D39FF0-51BA-4A7A-AF7E-F2F8418D4F96}"
EndProject
Global
	GlobalSection(SolutionConfigurationPlatforms) = preSolution
		Debug|x64 = Debug|x64
		Debug|x86 = Debug|x86
		Release|x64 = Release|x64
		Release|x86 = Release|x86
	EndGlobalSection
	GlobalSection(ProjectConfigurationPlatforms) = postSolution
		{45D39FF0-51BA-4A7A-AF7E-F2F8418D4F96}.Debug|x64.ActiveCfg = Debug|x64
		{45D39FF0-51BA-4A7A-AF7E-F2F8418D4F96}.Debug|x64.Build.0 = Debug|x64
		{45D39FF0-51BA-4A7A-AF7E-F2F8418D4F96}.Debug|x86.ActiveCfg = Debug|Win32
		{45D39FF0-51BA-4A7A-AF7E-F2F8418D4F96}.Debug|x86.Build.0 = Debug|Win32
		{45D39FF0-51BA-4A7A-AF7E-F2F8418D4F96}.Release|x64.ActiveCfg = Release|x64
		{45D39FF0-51BA-4A7A-AF7E-F2F8418D4F96}.Release|x64.Build.0 = Release|x64
		{45D39FF0-51BA-4A7A-AF7E-F2F8418D4F96}.Release|x86.ActiveCfg = Release|Win32
		{45D39FF0-51BA-4A7A-AF7E-F2F8418D4F96}.Release|x86.Build.0 = Release|Win32
	EndGlobalSection
	GlobalSection(SolutionProperties) = preSolution
		HideSolutionNode = FALSE
	EndGlobalSection
	GlobalSection(ExtensibilityGlobals) = postSolution
		SolutionGuid = {1FE77969-9699-4973-98CD-5DDF394EC9C4}
	EndGlobalSection
EndGlobal
